# THIS IS AN AUTOGENERATED FILE. DO NOT EDIT THIS FILE DIRECTLY.
# yarn lockfile v1


systemjs-hmr@^2.0.5:
  version "2.0.7"
  resolved "https://registry.yarnpkg.com/systemjs-hmr/-/systemjs-hmr-2.0.7.tgz#37a399400f816cc9d862a0f0c63d20b6eec7a515"

systemjs-hot-reloader@1.1.0:
  version "1.1.0"
  resolved "https://registry.yarnpkg.com/systemjs-hot-reloader/-/systemjs-hot-reloader-1.1.0.tgz#00c389c8750dbbecde48951ab6283aff6efb4297"
  dependencies:
    systemjs-hmr "^2.0.5"

systemjs@0.20.9:
  version "0.20.9"
  resolved "https://registry.yarnpkg.com/systemjs/-/systemjs-0.20.9.tgz#80c00a89511a2064c3f57ce6e8f27784620477ec"
